
Microsoft Visual Studio Solution File, Format Version 12.00
# Visual Studio 15
VisualStudioVersion = 15.0.28307.1300
MinimumVisualStudioVersion = 10.0.40219.1
Project("{FAE04EC0-301F-11D3-BF4B-00C04F79EFBC}") = "QuotesApi", "QuotesApi\QuotesApi.csproj", "{C39ECE40-33CE-46A4-AB33-6CCF6E7A0D93}"
EndProject
Project("{FAE04EC0-301F-11D3-BF4B-00C04F79EFBC}") = "QuotesWebApi", "QuotesWebApi\QuotesWebApi.csproj", "{103271A5-52C2-401A-BE0E-75822E7585B9}"
EndProject
Global
	GlobalSection(SolutionConfigurationPlatforms) = preSolution
		Debug|Any CPU = Debug|Any CPU
		Release|Any CPU = Release|Any CPU
	EndGlobalSection
	GlobalSection(ProjectConfigurationPlatforms) = postSolution
		{C39ECE40-33CE-46A4-AB33-6CCF6E7A0D93}.Debug|Any CPU.ActiveCfg = Debug|Any CPU
		{C39ECE40-33CE-46A4-AB33-6CCF6E7A0D93}.Debug|Any CPU.Build.0 = Debug|Any CPU
		{C39ECE40-33CE-46A4-AB33-6CCF6E7A0D93}.Release|Any CPU.ActiveCfg = Release|Any CPU
		{C39ECE40-33CE-46A4-AB33-6CCF6E7A0D93}.Release|Any CPU.Build.0 = Release|Any CPU
		{103271A5-52C2-401A-BE0E-75822E7585B9}.Debug|Any CPU.ActiveCfg = Debug|Any CPU
		{103271A5-52C2-401A-BE0E-75822E7585B9}.Debug|Any CPU.Build.0 = Debug|Any CPU
		{103271A5-52C2-401A-BE0E-75822E7585B9}.Release|Any CPU.ActiveCfg = Release|Any CPU
		{103271A5-52C2-401A-BE0E-75822E7585B9}.Release|Any CPU.Build.0 = Release|Any CPU
	EndGlobalSection
	GlobalSection(SolutionProperties) = preSolution
		HideSolutionNode = FALSE
	EndGlobalSection
	GlobalSection(ExtensibilityGlobals) = postSolution
		SolutionGuid = {544370C0-F638-4B01-8FCD-0CCEF9DA59D7}
	EndGlobalSection
EndGlobal
